// !$*UTF8*$!
{
	archiveVersion = 1;
	classes = {
	};
	objectVersion = 50;
	objects = {

/* Begin PBXBuildFile section */
		63284C2B24366FD10027799B /* BasicButton.swift in Sources */ = {isa = PBXBuildFile; fileRef = 63284C2A24366FD10027799B /* BasicButton.swift */; };
		63284C2D2436743A0027799B /* PlayPauseButton.swift in Sources */ = {isa = PBXBuildFile; fileRef = 63284C2C2436743A0027799B /* PlayPauseButton.swift */; };
		63284C2F2436796E0027799B /* CoverArtView.swift in Sources */ = {isa = PBXBuildFile; fileRef = 63284C2E2436796E0027799B /* CoverArtView.swift */; };
		63284C31243679F10027799B /* Image.swift in Sources */ = {isa = PBXBuildFile; fileRef = 63284C30243679F10027799B /* Image.swift */; };
		63284C33243684DC0027799B /* SongInfoView.swift in Sources */ = {isa = PBXBuildFile; fileRef = 63284C32243684DC0027799B /* SongInfoView.swift */; };
		63284C35243688D10027799B /* SongProgressView.swift in Sources */ = {isa = PBXBuildFile; fileRef = 63284C34243688D10027799B /* SongProgressView.swift */; };
		63C5629D2436566200DF6303 /* AppDelegate.swift in Sources */ = {isa = PBXBuildFile; fileRef = 63C5629C2436566200DF6303 /* AppDelegate.swift */; };
		63C5629F2436566200DF6303 /* SceneDelegate.swift in Sources */ = {isa = PBXBuildFile; fileRef = 63C5629E2436566200DF6303 /* SceneDelegate.swift */; };
		63C562A12436566200DF6303 /* MusicPlayerView.swift in Sources */ = {isa = PBXBuildFile; fileRef = 63C562A02436566200DF6303 /* MusicPlayerView.swift */; };
		63C562A32436566300DF6303 /* Assets.xcassets in Resources */ = {isa = PBXBuildFile; fileRef = 63C562A22436566300DF6303 /* Assets.xcassets */; };
		63C562A62436566300DF6303 /* Preview Assets.xcassets in Resources */ = {isa = PBXBuildFile; fileRef = 63C562A52436566300DF6303 /* Preview Assets.xcassets */; };
		63C562A92436566300DF6303 /* LaunchScreen.storyboard in Resources */ = {isa = PBXBuildFile; fileRef = 63C562A72436566300DF6303 /* LaunchScreen.storyboard */; };
		63C562B2243657B600DF6303 /* Color.swift in Sources */ = {isa = PBXBuildFile; fileRef = 63C562B1243657B600DF6303 /* Color.swift */; };
/* End PBXBuildFile section */

/* Begin PBXFileReference section */
		63284C2A24366FD10027799B /* BasicButton.swift */ = {isa = PBXFileReference; lastKnownFileType = sourcecode.swift; path = BasicButton.swift; sourceTree = "<group>"; };
		63284C2C2436743A0027799B /* PlayPauseButton.swift */ = {isa = PBXFileReference; lastKnownFileType = sourcecode.swift; path = PlayPauseButton.swift; sourceTree = "<group>"; };
		63284C2E2436796E0027799B /* CoverArtView.swift */ = {isa = PBXFileReference; lastKnownFileType = sourcecode.swift; path = CoverArtView.swift; sourceTree = "<group>"; };
		63284C30243679F10027799B /* Image.swift */ = {isa = PBXFileReference; lastKnownFileType = sourcecode.swift; path = Image.swift; sourceTree = "<group>"; };
		63284C32243684DC0027799B /* SongInfoView.swift */ = {isa = PBXFileReference; lastKnownFileType = sourcecode.swift; path = SongInfoView.swift; sourceTree = "<group>"; };
		63284C34243688D10027799B /* SongProgressView.swift */ = {isa = PBXFileReference; lastKnownFileType = sourcecode.swift; path = SongProgressView.swift; sourceTree = "<group>"; };
		63C562992436566200DF6303 /* NeuMusicPlayer.app */ = {isa = PBXFileReference; explicitFileType = wrapper.application; includeInIndex = 0; path = NeuMusicPlayer.app; sourceTree = BUILT_PRODUCTS_DIR; };
		63C5629C2436566200DF6303 /* AppDelegate.swift */ = {isa = PBXFileReference; lastKnownFileType = sourcecode.swift; path = AppDelegate.swift; sourceTree = "<group>"; };
		63C5629E2436566200DF6303 /* SceneDelegate.swift */ = {isa = PBXFileReference; lastKnownFileType = sourcecode.swift; path = SceneDelegate.swift; sourceTree = "<group>"; };
		63C562A02436566200DF6303 /* MusicPlayerView.swift */ = {isa = PBXFileReference; lastKnownFileType = sourcecode.swift; path = MusicPlayerView.swift; sourceTree = "<group>"; };
		63C562A22436566300DF6303 /* Assets.xcassets */ = {isa = PBXFileReference; lastKnownFileType = folder.assetcatalog; path = Assets.xcassets; sourceTree = "<group>"; };
		63C562A52436566300DF6303 /* Preview Assets.xcassets */ = {isa = PBXFileReference; lastKnownFileType = folder.assetcatalog; path = "Preview Assets.xcassets"; sourceTree = "<group>"; };
		63C562A82436566300DF6303 /* Base */ = {isa = PBXFileReference; lastKnownFileType = file.storyboard; name = Base; path = Base.lproj/LaunchScreen.storyboard; sourceTree = "<group>"; };
		63C562AA2436566300DF6303 /* Info.plist */ = {isa = PBXFileReference; lastKnownFileType = text.plist.xml; path = Info.plist; sourceTree = "<group>"; };
		63C562B1243657B600DF6303 /* Color.swift */ = {isa = PBXFileReference; lastKnownFileType = sourcecode.swift; path = Color.swift; sourceTree = "<group>"; };
/* End PBXFileReference section */

/* Begin PBXFrameworksBuildPhase section */
		63C562962436566200DF6303 /* Frameworks */ = {
			isa = PBXFrameworksBuildPhase;
			buildActionMask = 2147483647;
			files = (
			);
			runOnlyForDeploymentPostprocessing = 0;
		};
/* End PBXFrameworksBuildPhase section */

/* Begin PBXGroup section */
		63C562902436566200DF6303 = {
			isa = PBXGroup;
			children = (
				63C5629B2436566200DF6303 /* NeuMusicPlayer */,
				63C5629A2436566200DF6303 /* Products */,
			);
			sourceTree = "<group>";
		};
		63C5629A2436566200DF6303 /* Products */ = {
			isa = PBXGroup;
			children = (
				63C562992436566200DF6303 /* NeuMusicPlayer.app */,
			);
			name = Products;
			sourceTree = "<group>";
		};
		63C5629B2436566200DF6303 /* NeuMusicPlayer */ = {
			isa = PBXGroup;
			children = (
				63C562B4243659A300DF6303 /* Views */,
				63C562B32436597E00DF6303 /* Support */,
				63C562B0243657A300DF6303 /* Constants */,
				63C562A42436566300DF6303 /* Preview Content */,
			);
			path = NeuMusicPlayer;
			sourceTree = "<group>";
		};
		63C562A42436566300DF6303 /* Preview Content */ = {
			isa = PBXGroup;
			children = (
				63C562A52436566300DF6303 /* Preview Assets.xcassets */,
			);
			path = "Preview Content";
			sourceTree = "<group>";
		};
		63C562B0243657A300DF6303 /* Constants */ = {
			isa = PBXGroup;
			children = (
				63C562B1243657B600DF6303 /* Color.swift */,
				63284C30243679F10027799B /* Image.swift */,
			);
			path = Constants;
			sourceTree = "<group>";
		};
		63C562B32436597E00DF6303 /* Support */ = {
			isa = PBXGroup;
			children = (
				63C5629C2436566200DF6303 /* AppDelegate.swift */,
				63C5629E2436566200DF6303 /* SceneDelegate.swift */,
				63C562A22436566300DF6303 /* Assets.xcassets */,
				63C562AA2436566300DF6303 /* Info.plist */,
			);
			path = Support;
			sourceTree = "<group>";
		};
		63C562B4243659A300DF6303 /* Views */ = {
			isa = PBXGroup;
			children = (
				63C562B5243659AF00DF6303 /* Storyboard */,
				63C562A02436566200DF6303 /* MusicPlayerView.swift */,
				63284C2A24366FD10027799B /* BasicButton.swift */,
				63284C2C2436743A0027799B /* PlayPauseButton.swift */,
				63284C2E2436796E0027799B /* CoverArtView.swift */,
				63284C32243684DC0027799B /* SongInfoView.swift */,
				63284C34243688D10027799B /* SongProgressView.swift */,
			);
			path = Views;
			sourceTree = "<group>";
		};
		63C562B5243659AF00DF6303 /* Storyboard */ = {
			isa = PBXGroup;
			children = (
				63C562A72436566300DF6303 /* LaunchScreen.storyboard */,
			);
			path = Storyboard;
			sourceTree = "<group>";
		};
/* End PBXGroup section */

/* Begin PBXNativeTarget section */
		63C562982436566200DF6303 /* NeuMusicPlayer */ = {
			isa = PBXNativeTarget;
			buildConfigurationList = 63C562AD2436566300DF6303 /* Build configuration list for PBXNativeTarget "NeuMusicPlayer" */;
			buildPhases = (
				63C562952436566200DF6303 /* Sources */,
				63C562962436566200DF6303 /* Frameworks */,
				63C562972436566200DF6303 /* Resources */,
			);
			buildRules = (
			);
			dependencies = (
			);
			name = NeuMusicPlayer;
			productName = NeuMusicPlayer;
			productReference = 63C562992436566200DF6303 /* NeuMusicPlayer.app */;
			productType = "com.apple.product-type.application";
		};
/* End PBXNativeTarget section */

/* Begin PBXProject section */
		63C562912436566200DF6303 /* Project object */ = {
			isa = PBXProject;
			attributes = {
				LastSwiftUpdateCheck = 1140;
				LastUpgradeCheck = 1140;
				ORGANIZATIONNAME = "Chad Rutherford";
				TargetAttributes = {
					63C562982436566200DF6303 = {
						CreatedOnToolsVersion = 11.4;
					};
				};
			};
			buildConfigurationList = 63C562942436566200DF6303 /* Build configuration list for PBXProject "NeuMusicPlayer" */;
			compatibilityVersion = "Xcode 9.3";
			developmentRegion = en;
			hasScannedForEncodings = 0;
			knownRegions = (
				en,
				Base,
			);
			mainGroup = 63C562902436566200DF6303;
			productRefGroup = 63C5629A2436566200DF6303 /* Products */;
			projectDirPath = "";
			projectRoot = "";
			targets = (
				63C562982436566200DF6303 /* NeuMusicPlayer */,
			);
		};
/* End PBXProject section */

/* Begin PBXResourcesBuildPhase section */
		63C562972436566200DF6303 /* Resources */ = {
			isa = PBXResourcesBuildPhase;
			buildActionMask = 2147483647;
			files = (
				63C562A92436566300DF6303 /* LaunchScreen.storyboard in Resources */,
				63C562A62436566300DF6303 /* Preview Assets.xcassets in Resources */,
				63C562A32436566300DF6303 /* Assets.xcassets in Resources */,
			);
			runOnlyForDeploymentPostprocessing = 0;
		};
/* End PBXResourcesBuildPhase section */

/* Begin PBXSourcesBuildPhase section */
		63C562952436566200DF6303 /* Sources */ = {
			isa = PBXSourcesBuildPhase;
			buildActionMask = 2147483647;
			files = (
				63C5629D2436566200DF6303 /* AppDelegate.swift in Sources */,
				63284C31243679F10027799B /* Image.swift in Sources */,
				63284C2B24366FD10027799B /* BasicButton.swift in Sources */,
				63C562B2243657B600DF6303 /* Color.swift in Sources */,
				63284C35243688D10027799B /* SongProgressView.swift in Sources */,
				63C5629F2436566200DF6303 /* SceneDelegate.swift in Sources */,
				63284C2D2436743A0027799B /* PlayPauseButton.swift in Sources */,
				63284C33243684DC0027799B /* SongInfoView.swift in Sources */,
				63284C2F2436796E0027799B /* CoverArtView.swift in Sources */,
				63C562A12436566200DF6303 /* MusicPlayerView.swift in Sources */,
			);
			runOnlyForDeploymentPostprocessing = 0;
		};
/* End PBXSourcesBuildPhase section */

/* Begin PBXVariantGroup section */
		63C562A72436566300DF6303 /* LaunchScreen.storyboard */ = {
			isa = PBXVariantGroup;
			children = (
				63C562A82436566300DF6303 /* Base */,
			);
			name = LaunchScreen.storyboard;
			sourceTree = "<group>";
		};
/* End PBXVariantGroup section */

/* Begin XCBuildConfiguration section */
		63C562AB2436566300DF6303 /* Debug */ = {
			isa = XCBuildConfiguration;
			buildSettings = {
				ALWAYS_SEARCH_USER_PATHS = NO;
				CLANG_ANALYZER_NONNULL = YES;
				CLANG_ANALYZER_NUMBER_OBJECT_CONVERSION = YES_AGGRESSIVE;
				CLANG_CXX_LANGUAGE_STANDARD = "gnu++14";
				CLANG_CXX_LIBRARY = "libc++";
				CLANG_ENABLE_MODULES = YES;
				CLANG_ENABLE_OBJC_ARC = YES;
				CLANG_ENABLE_OBJC_WEAK = YES;
				CLANG_WARN_BLOCK_CAPTURE_AUTORELEASING = YES;
				CLANG_WARN_BOOL_CONVERSION = YES;
				CLANG_WARN_COMMA = YES;
				CLANG_WARN_CONSTANT_CONVERSION = YES;
				CLANG_WARN_DEPRECATED_OBJC_IMPLEMENTATIONS = YES;
				CLANG_WARN_DIRECT_OBJC_ISA_USAGE = YES_ERROR;
				CLANG_WARN_DOCUMENTATION_COMMENTS = YES;
				CLANG_WARN_EMPTY_BODY = YES;
				CLANG_WARN_ENUM_CONVERSION = YES;
				CLANG_WARN_INFINITE_RECURSION = YES;
				CLANG_WARN_INT_CONVERSION = YES;
				CLANG_WARN_NON_LITERAL_NULL_CONVERSION = YES;
				CLANG_WARN_OBJC_IMPLICIT_RETAIN_SELF = YES;
				CLANG_WARN_OBJC_LITERAL_CONVERSION = YES;
				CLANG_WARN_OBJC_ROOT_CLASS = YES_ERROR;
				CLANG_WARN_RANGE_LOOP_ANALYSIS = YES;
				CLANG_WARN_STRICT_PROTOTYPES = YES;
				CLANG_WARN_SUSPICIOUS_MOVE = YES;
				CLANG_WARN_UNGUARDED_AVAILABILITY = YES_AGGRESSIVE;
				CLANG_WARN_UNREACHABLE_CODE = YES;
				CLANG_WARN__DUPLICATE_METHOD_MATCH = YES;
				COPY_PHASE_STRIP = NO;
				DEBUG_INFORMATION_FORMAT = dwarf;
				ENABLE_STRICT_OBJC_MSGSEND = YES;
				ENABLE_TESTABILITY = YES;
				GCC_C_LANGUAGE_STANDARD = gnu11;
				GCC_DYNAMIC_NO_PIC = NO;
				GCC_NO_COMMON_BLOCKS = YES;
				GCC_OPTIMIZATION_LEVEL = 0;
				GCC_PREPROCESSOR_DEFINITIONS = (
					"DEBUG=1",
					"$(inherited)",
				);
				GCC_WARN_64_TO_32_BIT_CONVERSION = YES;
				GCC_WARN_ABOUT_RETURN_TYPE = YES_ERROR;
				GCC_WARN_UNDECLARED_SELECTOR = YES;
				GCC_WARN_UNINITIALIZED_AUTOS = YES_AGGRESSIVE;
				GCC_WARN_UNUSED_FUNCTION = YES;
				GCC_WARN_UNUSED_VARIABLE = YES;
				IPHONEOS_DEPLOYMENT_TARGET = 13.4;
				MTL_ENABLE_DEBUG_INFO = INCLUDE_SOURCE;
				MTL_FAST_MATH = YES;
				ONLY_ACTIVE_ARCH = YES;
				SDKROOT = iphoneos;
				SWIFT_ACTIVE_COMPILATION_CONDITIONS = DEBUG;
				SWIFT_OPTIMIZATION_LEVEL = "-Onone";
			};
			name = Debug;
		};
		63C562AC2436566300DF6303 /* Release */ = {
			isa = XCBuildConfiguration;
			buildSettings = {
				ALWAYS_SEARCH_USER_PATHS = NO;
				CLANG_ANALYZER_NONNULL = YES;
				CLANG_ANALYZER_NUMBER_OBJECT_CONVERSION = YES_AGGRESSIVE;
				CLANG_CXX_LANGUAGE_STANDARD = "gnu++14";
				CLANG_CXX_LIBRARY = "libc++";
				CLANG_ENABLE_MODULES = YES;
				CLANG_ENABLE_OBJC_ARC = YES;
				CLANG_ENABLE_OBJC_WEAK = YES;
				CLANG_WARN_BLOCK_CAPTURE_AUTORELEASING = YES;
				CLANG_WARN_BOOL_CONVERSION = YES;
				CLANG_WARN_COMMA = YES;
				CLANG_WARN_CONSTANT_CONVERSION = YES;
				CLANG_WARN_DEPRECATED_OBJC_IMPLEMENTATIONS = YES;
				CLANG_WARN_DIRECT_OBJC_ISA_USAGE = YES_ERROR;
				CLANG_WARN_DOCUMENTATION_COMMENTS = YES;
				CLANG_WARN_EMPTY_BODY = YES;
				CLANG_WARN_ENUM_CONVERSION = YES;
				CLANG_WARN_INFINITE_RECURSION = YES;
				CLANG_WARN_INT_CONVERSION = YES;
				CLANG_WARN_NON_LITERAL_NULL_CONVERSION = YES;
				CLANG_WARN_OBJC_IMPLICIT_RETAIN_SELF = YES;
				CLANG_WARN_OBJC_LITERAL_CONVERSION = YES;
				CLANG_WARN_OBJC_ROOT_CLASS = YES_ERROR;
				CLANG_WARN_RANGE_LOOP_ANALYSIS = YES;
				CLANG_WARN_STRICT_PROTOTYPES = YES;
				CLANG_WARN_SUSPICIOUS_MOVE = YES;
				CLANG_WARN_UNGUARDED_AVAILABILITY = YES_AGGRESSIVE;
				CLANG_WARN_UNREACHABLE_CODE = YES;
				CLANG_WARN__DUPLICATE_METHOD_MATCH = YES;
				COPY_PHASE_STRIP = NO;
				DEBUG_INFORMATION_FORMAT = "dwarf-with-dsym";
				ENABLE_NS_ASSERTIONS = NO;
				ENABLE_STRICT_OBJC_MSGSEND = YES;
				GCC_C_LANGUAGE_STANDARD = gnu11;
				GCC_NO_COMMON_BLOCKS = YES;
				GCC_WARN_64_TO_32_BIT_CONVERSION = YES;
				GCC_WARN_ABOUT_RETURN_TYPE = YES_ERROR;
				GCC_WARN_UNDECLARED_SELECTOR = YES;
				GCC_WARN_UNINITIALIZED_AUTOS = YES_AGGRESSIVE;
				GCC_WARN_UNUSED_FUNCTION = YES;
				GCC_WARN_UNUSED_VARIABLE = YES;
				IPHONEOS_DEPLOYMENT_TARGET = 13.4;
				MTL_ENABLE_DEBUG_INFO = NO;
				MTL_FAST_MATH = YES;
				SDKROOT = iphoneos;
				SWIFT_COMPILATION_MODE = wholemodule;
				SWIFT_OPTIMIZATION_LEVEL = "-O";
				VALIDATE_PRODUCT = YES;
			};
			name = Release;
		};
		63C562AE2436566300DF6303 /* Debug */ = {
			isa = XCBuildConfiguration;
			buildSettings = {
				ASSETCATALOG_COMPILER_APPICON_NAME = AppIcon;
				CODE_SIGN_STYLE = Automatic;
				DEVELOPMENT_ASSET_PATHS = "\"NeuMusicPlayer/Preview Content\"";
				DEVELOPMENT_TEAM = P7DFWNNEL3;
				ENABLE_PREVIEWS = YES;
				INFOPLIST_FILE = NeuMusicPlayer/Support/Info.plist;
				LD_RUNPATH_SEARCH_PATHS = (
					"$(inherited)",
					"@executable_path/Frameworks",
				);
				PRODUCT_BUNDLE_IDENTIFIER = io.github.chadarutherford.NeuMusicPlayer;
				PRODUCT_NAME = "$(TARGET_NAME)";
				SWIFT_VERSION = 5.0;
				TARGETED_DEVICE_FAMILY = "1,2";
			};
			name = Debug;
		};
		63C562AF2436566300DF6303 /* Release */ = {
			isa = XCBuildConfiguration;
			buildSettings = {
				ASSETCATALOG_COMPILER_APPICON_NAME = AppIcon;
				CODE_SIGN_STYLE = Automatic;
				DEVELOPMENT_ASSET_PATHS = "\"NeuMusicPlayer/Preview Content\"";
				DEVELOPMENT_TEAM = P7DFWNNEL3;
				ENABLE_PREVIEWS = YES;
				INFOPLIST_FILE = NeuMusicPlayer/Support/Info.plist;
				LD_RUNPATH_SEARCH_PATHS = (
					"$(inherited)",
					"@executable_path/Frameworks",
				);
				PRODUCT_BUNDLE_IDENTIFIER = io.github.chadarutherford.NeuMusicPlayer;
				PRODUCT_NAME = "$(TARGET_NAME)";
				SWIFT_VERSION = 5.0;
				TARGETED_DEVICE_FAMILY = "1,2";
			};
			name = Release;
		};
/* End XCBuildConfiguration section */

/* Begin XCConfigurationList section */
		63C562942436566200DF6303 /* Build configuration list for PBXProject "NeuMusicPlayer" */ = {
			isa = XCConfigurationList;
			buildConfigurations = (
				63C562AB2436566300DF6303 /* Debug */,
				63C562AC2436566300DF6303 /* Release */,
			);
			defaultConfigurationIsVisible = 0;
			defaultConfigurationName = Release;
		};
		63C562AD2436566300DF6303 /* Build configuration list for PBXNativeTarget "NeuMusicPlayer" */ = {
			isa = XCConfigurationList;
			buildConfigurations = (
				63C562AE2436566300DF6303 /* Debug */,
				63C562AF2436566300DF6303 /* Release */,
			);
			defaultConfigurationIsVisible = 0;
			defaultConfigurationName = Release;
		};
/* End XCConfigurationList section */
	};
	rootObject = 63C562912436566200DF6303 /* Project object */;
}
